// !$*UTF8*$!
{
	archiveVersion = 1;
	classes = {
	};
	objectVersion = 46;
	objects = {

/* Begin PBXBuildFile section */
		E124ECEA15E04D2900EFD237 /* UIKit.framework in Frameworks */ = {isa = PBXBuildFile; fileRef = E124ECE915E04D2900EFD237 /* UIKit.framework */; };
		E124ECEC15E04D2900EFD237 /* Foundation.framework in Frameworks */ = {isa = PBXBuildFile; fileRef = E124ECEB15E04D2900EFD237 /* Foundation.framework */; };
		E124ECEE15E04D2900EFD237 /* CoreGraphics.framework in Frameworks */ = {isa = PBXBuildFile; fileRef = E124ECED15E04D2900EFD237 /* CoreGraphics.framework */; };
		E124ECF415E04D2900EFD237 /* InfoPlist.strings in Resources */ = {isa = PBXBuildFile; fileRef = E124ECF215E04D2900EFD237 /* InfoPlist.strings */; };
		E124ECF615E04D2900EFD237 /* main.m in Sources */ = {isa = PBXBuildFile; fileRef = E124ECF515E04D2900EFD237 /* main.m */; };
		E124ECFA15E04D2900EFD237 /* AppDelegate.m in Sources */ = {isa = PBXBuildFile; fileRef = E124ECF915E04D2900EFD237 /* AppDelegate.m */; };
		E124ECFD15E04D2900EFD237 /* MainStoryboard_iPhone.storyboard in Resources */ = {isa = PBXBuildFile; fileRef = E124ECFB15E04D2900EFD237 /* MainStoryboard_iPhone.storyboard */; };
		E124ED0015E04D2900EFD237 /* MainStoryboard_iPad.storyboard in Resources */ = {isa = PBXBuildFile; fileRef = E124ECFE15E04D2900EFD237 /* MainStoryboard_iPad.storyboard */; };
		E124ED0315E04D2900EFD237 /* FirstViewController.m in Sources */ = {isa = PBXBuildFile; fileRef = E124ED0215E04D2900EFD237 /* FirstViewController.m */; };
		E124ED0515E04D2900EFD237 /* first.png in Resources */ = {isa = PBXBuildFile; fileRef = E124ED0415E04D2900EFD237 /* first.png */; };
		E124ED0715E04D2900EFD237 /* first@2x.png in Resources */ = {isa = PBXBuildFile; fileRef = E124ED0615E04D2900EFD237 /* first@2x.png */; };
		E124ED0A15E04D2900EFD237 /* SecondViewController.m in Sources */ = {isa = PBXBuildFile; fileRef = E124ED0915E04D2900EFD237 /* SecondViewController.m */; };
		E124ED0C15E04D2900EFD237 /* second.png in Resources */ = {isa = PBXBuildFile; fileRef = E124ED0B15E04D2900EFD237 /* second.png */; };
		E124ED0E15E04D2900EFD237 /* second@2x.png in Resources */ = {isa = PBXBuildFile; fileRef = E124ED0D15E04D2900EFD237 /* second@2x.png */; };
		E124ED1615E04D2900EFD237 /* SenTestingKit.framework in Frameworks */ = {isa = PBXBuildFile; fileRef = E124ED1515E04D2900EFD237 /* SenTestingKit.framework */; };
		E124ED1715E04D2900EFD237 /* UIKit.framework in Frameworks */ = {isa = PBXBuildFile; fileRef = E124ECE915E04D2900EFD237 /* UIKit.framework */; };
		E124ED1815E04D2900EFD237 /* Foundation.framework in Frameworks */ = {isa = PBXBuildFile; fileRef = E124ECEB15E04D2900EFD237 /* Foundation.framework */; };
		E124ED2015E04D2900EFD237 /* InfoPlist.strings in Resources */ = {isa = PBXBuildFile; fileRef = E124ED1E15E04D2900EFD237 /* InfoPlist.strings */; };
		E124ED2315E04D2900EFD237 /* PacebreakerTests.m in Sources */ = {isa = PBXBuildFile; fileRef = E124ED2215E04D2900EFD237 /* PacebreakerTests.m */; };
		E124ED2D15E0511700EFD237 /* MapKit.framework in Frameworks */ = {isa = PBXBuildFile; fileRef = E124ED2C15E0511700EFD237 /* MapKit.framework */; };
/* End PBXBuildFile section */

/* Begin PBXContainerItemProxy section */
		E124ED1915E04D2900EFD237 /* PBXContainerItemProxy */ = {
			isa = PBXContainerItemProxy;
			containerPortal = E124ECDC15E04D2900EFD237 /* Project object */;
			proxyType = 1;
			remoteGlobalIDString = E124ECE415E04D2900EFD237;
			remoteInfo = Pacebreaker;
		};
/* End PBXContainerItemProxy section */

/* Begin PBXFileReference section */
		E124ECE515E04D2900EFD237 /* Pacebreaker.app */ = {isa = PBXFileReference; explicitFileType = wrapper.application; includeInIndex = 0; path = Pacebreaker.app; sourceTree = BUILT_PRODUCTS_DIR; };
		E124ECE915E04D2900EFD237 /* UIKit.framework */ = {isa = PBXFileReference; lastKnownFileType = wrapper.framework; name = UIKit.framework; path = System/Library/Frameworks/UIKit.framework; sourceTree = SDKROOT; };
		E124ECEB15E04D2900EFD237 /* Foundation.framework */ = {isa = PBXFileReference; lastKnownFileType = wrapper.framework; name = Foundation.framework; path = System/Library/Frameworks/Foundation.framework; sourceTree = SDKROOT; };
		E124ECED15E04D2900EFD237 /* CoreGraphics.framework */ = {isa = PBXFileReference; lastKnownFileType = wrapper.framework; name = CoreGraphics.framework; path = System/Library/Frameworks/CoreGraphics.framework; sourceTree = SDKROOT; };
		E124ECF115E04D2900EFD237 /* Pacebreaker-Info.plist */ = {isa = PBXFileReference; lastKnownFileType = text.plist.xml; path = "Pacebreaker-Info.plist"; sourceTree = "<group>"; };
		E124ECF315E04D2900EFD237 /* en */ = {isa = PBXFileReference; lastKnownFileType = text.plist.strings; name = en; path = en.lproj/InfoPlist.strings; sourceTree = "<group>"; };
		E124ECF515E04D2900EFD237 /* main.m */ = {isa = PBXFileReference; lastKnownFileType = sourcecode.c.objc; path = main.m; sourceTree = "<group>"; };
		E124ECF715E04D2900EFD237 /* Pacebreaker-Prefix.pch */ = {isa = PBXFileReference; lastKnownFileType = sourcecode.c.h; path = "Pacebreaker-Prefix.pch"; sourceTree = "<group>"; };
		E124ECF815E04D2900EFD237 /* AppDelegate.h */ = {isa = PBXFileReference; lastKnownFileType = sourcecode.c.h; path = AppDelegate.h; sourceTree = "<group>"; };
		E124ECF915E04D2900EFD237 /* AppDelegate.m */ = {isa = PBXFileReference; lastKnownFileType = sourcecode.c.objc; path = AppDelegate.m; sourceTree = "<group>"; };
		E124ECFC15E04D2900EFD237 /* en */ = {isa = PBXFileReference; lastKnownFileType = file.storyboard; name = en; path = en.lproj/MainStoryboard_iPhone.storyboard; sourceTree = "<group>"; };
		E124ECFF15E04D2900EFD237 /* en */ = {isa = PBXFileReference; lastKnownFileType = file.storyboard; name = en; path = en.lproj/MainStoryboard_iPad.storyboard; sourceTree = "<group>"; };
		E124ED0115E04D2900EFD237 /* FirstViewController.h */ = {isa = PBXFileReference; lastKnownFileType = sourcecode.c.h; path = FirstViewController.h; sourceTree = "<group>"; };
		E124ED0215E04D2900EFD237 /* FirstViewController.m */ = {isa = PBXFileReference; lastKnownFileType = sourcecode.c.objc; path = FirstViewController.m; sourceTree = "<group>"; };
		E124ED0415E04D2900EFD237 /* first.png */ = {isa = PBXFileReference; lastKnownFileType = image.png; path = first.png; sourceTree = "<group>"; };
		E124ED0615E04D2900EFD237 /* first@2x.png */ = {isa = PBXFileReference; lastKnownFileType = image.png; path = "first@2x.png"; sourceTree = "<group>"; };
		E124ED0815E04D2900EFD237 /* SecondViewController.h */ = {isa = PBXFileReference; lastKnownFileType = sourcecode.c.h; path = SecondViewController.h; sourceTree = "<group>"; };
		E124ED0915E04D2900EFD237 /* SecondViewController.m */ = {isa = PBXFileReference; lastKnownFileType = sourcecode.c.objc; path = SecondViewController.m; sourceTree = "<group>"; };
		E124ED0B15E04D2900EFD237 /* second.png */ = {isa = PBXFileReference; lastKnownFileType = image.png; path = second.png; sourceTree = "<group>"; };
		E124ED0D15E04D2900EFD237 /* second@2x.png */ = {isa = PBXFileReference; lastKnownFileType = image.png; path = "second@2x.png"; sourceTree = "<group>"; };
		E124ED1415E04D2900EFD237 /* PacebreakerTests.octest */ = {isa = PBXFileReference; explicitFileType = wrapper.cfbundle; includeInIndex = 0; path = PacebreakerTests.octest; sourceTree = BUILT_PRODUCTS_DIR; };
		E124ED1515E04D2900EFD237 /* SenTestingKit.framework */ = {isa = PBXFileReference; lastKnownFileType = wrapper.framework; name = SenTestingKit.framework; path = Library/Frameworks/SenTestingKit.framework; sourceTree = DEVELOPER_DIR; };
		E124ED1D15E04D2900EFD237 /* PacebreakerTests-Info.plist */ = {isa = PBXFileReference; lastKnownFileType = text.plist.xml; path = "PacebreakerTests-Info.plist"; sourceTree = "<group>"; };
		E124ED1F15E04D2900EFD237 /* en */ = {isa = PBXFileReference; lastKnownFileType = text.plist.strings; name = en; path = en.lproj/InfoPlist.strings; sourceTree = "<group>"; };
		E124ED2115E04D2900EFD237 /* PacebreakerTests.h */ = {isa = PBXFileReference; lastKnownFileType = sourcecode.c.h; path = PacebreakerTests.h; sourceTree = "<group>"; };
		E124ED2215E04D2900EFD237 /* PacebreakerTests.m */ = {isa = PBXFileReference; lastKnownFileType = sourcecode.c.objc; path = PacebreakerTests.m; sourceTree = "<group>"; };
		E124ED2C15E0511700EFD237 /* MapKit.framework */ = {isa = PBXFileReference; lastKnownFileType = wrapper.framework; name = MapKit.framework; path = System/Library/Frameworks/MapKit.framework; sourceTree = SDKROOT; };
/* End PBXFileReference section */

/* Begin PBXFrameworksBuildPhase section */
		E124ECE215E04D2900EFD237 /* Frameworks */ = {
			isa = PBXFrameworksBuildPhase;
			buildActionMask = 2147483647;
			files = (
				E124ED2D15E0511700EFD237 /* MapKit.framework in Frameworks */,
				E124ECEA15E04D2900EFD237 /* UIKit.framework in Frameworks */,
				E124ECEC15E04D2900EFD237 /* Foundation.framework in Frameworks */,
				E124ECEE15E04D2900EFD237 /* CoreGraphics.framework in Frameworks */,
			);
			runOnlyForDeploymentPostprocessing = 0;
		};
		E124ED1015E04D2900EFD237 /* Frameworks */ = {
			isa = PBXFrameworksBuildPhase;
			buildActionMask = 2147483647;
			files = (
				E124ED1615E04D2900EFD237 /* SenTestingKit.framework in Frameworks */,
				E124ED1715E04D2900EFD237 /* UIKit.framework in Frameworks */,
				E124ED1815E04D2900EFD237 /* Foundation.framework in Frameworks */,
			);
			runOnlyForDeploymentPostprocessing = 0;
		};
/* End PBXFrameworksBuildPhase section */

/* Begin PBXGroup section */
		E124ECDA15E04D2900EFD237 = {
			isa = PBXGroup;
			children = (
				E124ECEF15E04D2900EFD237 /* Pacebreaker */,
				E124ED1B15E04D2900EFD237 /* PacebreakerTests */,
				E124ECE815E04D2900EFD237 /* Frameworks */,
				E124ECE615E04D2900EFD237 /* Products */,
			);
			sourceTree = "<group>";
		};
		E124ECE615E04D2900EFD237 /* Products */ = {
			isa = PBXGroup;
			children = (
				E124ECE515E04D2900EFD237 /* Pacebreaker.app */,
				E124ED1415E04D2900EFD237 /* PacebreakerTests.octest */,
			);
			name = Products;
			sourceTree = "<group>";
		};
		E124ECE815E04D2900EFD237 /* Frameworks */ = {
			isa = PBXGroup;
			children = (
				E124ED2C15E0511700EFD237 /* MapKit.framework */,
				E124ECE915E04D2900EFD237 /* UIKit.framework */,
				E124ECEB15E04D2900EFD237 /* Foundation.framework */,
				E124ECED15E04D2900EFD237 /* CoreGraphics.framework */,
				E124ED1515E04D2900EFD237 /* SenTestingKit.framework */,
			);
			name = Frameworks;
			sourceTree = "<group>";
		};
		E124ECEF15E04D2900EFD237 /* Pacebreaker */ = {
			isa = PBXGroup;
			children = (
				E124ECF815E04D2900EFD237 /* AppDelegate.h */,
				E124ECF915E04D2900EFD237 /* AppDelegate.m */,
				E124ECFB15E04D2900EFD237 /* MainStoryboard_iPhone.storyboard */,
				E124ECFE15E04D2900EFD237 /* MainStoryboard_iPad.storyboard */,
				E124ED0115E04D2900EFD237 /* FirstViewController.h */,
				E124ED0215E04D2900EFD237 /* FirstViewController.m */,
				E124ED0415E04D2900EFD237 /* first.png */,
				E124ED0615E04D2900EFD237 /* first@2x.png */,
				E124ED0815E04D2900EFD237 /* SecondViewController.h */,
				E124ED0915E04D2900EFD237 /* SecondViewController.m */,
				E124ED0B15E04D2900EFD237 /* second.png */,
				E124ED0D15E04D2900EFD237 /* second@2x.png */,
				E124ECF015E04D2900EFD237 /* Supporting Files */,
			);
			path = Pacebreaker;
			sourceTree = "<group>";
		};
		E124ECF015E04D2900EFD237 /* Supporting Files */ = {
			isa = PBXGroup;
			children = (
				E124ECF115E04D2900EFD237 /* Pacebreaker-Info.plist */,
				E124ECF215E04D2900EFD237 /* InfoPlist.strings */,
				E124ECF515E04D2900EFD237 /* main.m */,
				E124ECF715E04D2900EFD237 /* Pacebreaker-Prefix.pch */,
			);
			name = "Supporting Files";
			sourceTree = "<group>";
		};
		E124ED1B15E04D2900EFD237 /* PacebreakerTests */ = {
			isa = PBXGroup;
			children = (
				E124ED2115E04D2900EFD237 /* PacebreakerTests.h */,
				E124ED2215E04D2900EFD237 /* PacebreakerTests.m */,
				E124ED1C15E04D2900EFD237 /* Supporting Files */,
			);
			path = PacebreakerTests;
			sourceTree = "<group>";
		};
		E124ED1C15E04D2900EFD237 /* Supporting Files */ = {
			isa = PBXGroup;
			children = (
				E124ED1D15E04D2900EFD237 /* PacebreakerTests-Info.plist */,
				E124ED1E15E04D2900EFD237 /* InfoPlist.strings */,
			);
			name = "Supporting Files";
			sourceTree = "<group>";
		};
/* End PBXGroup section */

/* Begin PBXNativeTarget section */
		E124ECE415E04D2900EFD237 /* Pacebreaker */ = {
			isa = PBXNativeTarget;
			buildConfigurationList = E124ED2615E04D2900EFD237 /* Build configuration list for PBXNativeTarget "Pacebreaker" */;
			buildPhases = (
				E124ECE115E04D2900EFD237 /* Sources */,
				E124ECE215E04D2900EFD237 /* Frameworks */,
				E124ECE315E04D2900EFD237 /* Resources */,
			);
			buildRules = (
			);
			dependencies = (
			);
			name = Pacebreaker;
			productName = Pacebreaker;
			productReference = E124ECE515E04D2900EFD237 /* Pacebreaker.app */;
			productType = "com.apple.product-type.application";
		};
		E124ED1315E04D2900EFD237 /* PacebreakerTests */ = {
			isa = PBXNativeTarget;
			buildConfigurationList = E124ED2915E04D2900EFD237 /* Build configuration list for PBXNativeTarget "PacebreakerTests" */;
			buildPhases = (
				E124ED0F15E04D2900EFD237 /* Sources */,
				E124ED1015E04D2900EFD237 /* Frameworks */,
				E124ED1115E04D2900EFD237 /* Resources */,
				E124ED1215E04D2900EFD237 /* ShellScript */,
			);
			buildRules = (
			);
			dependencies = (
				E124ED1A15E04D2900EFD237 /* PBXTargetDependency */,
			);
			name = PacebreakerTests;
			productName = PacebreakerTests;
			productReference = E124ED1415E04D2900EFD237 /* PacebreakerTests.octest */;
			productType = "com.apple.product-type.bundle";
		};
/* End PBXNativeTarget section */

/* Begin PBXProject section */
		E124ECDC15E04D2900EFD237 /* Project object */ = {
			isa = PBXProject;
			attributes = {
				LastUpgradeCheck = 0440;
			};
			buildConfigurationList = E124ECDF15E04D2900EFD237 /* Build configuration list for PBXProject "Pacebreaker" */;
			compatibilityVersion = "Xcode 3.2";
			developmentRegion = English;
			hasScannedForEncodings = 0;
			knownRegions = (
				en,
			);
			mainGroup = E124ECDA15E04D2900EFD237;
			productRefGroup = E124ECE615E04D2900EFD237 /* Products */;
			projectDirPath = "";
			projectRoot = "";
			targets = (
				E124ECE415E04D2900EFD237 /* Pacebreaker */,
				E124ED1315E04D2900EFD237 /* PacebreakerTests */,
			);
		};
/* End PBXProject section */

/* Begin PBXResourcesBuildPhase section */
		E124ECE315E04D2900EFD237 /* Resources */ = {
			isa = PBXResourcesBuildPhase;
			buildActionMask = 2147483647;
			files = (
				E124ECF415E04D2900EFD237 /* InfoPlist.strings in Resources */,
				E124ECFD15E04D2900EFD237 /* MainStoryboard_iPhone.storyboard in Resources */,
				E124ED0015E04D2900EFD237 /* MainStoryboard_iPad.storyboard in Resources */,
				E124ED0515E04D2900EFD237 /* first.png in Resources */,
				E124ED0715E04D2900EFD237 /* first@2x.png in Resources */,
				E124ED0C15E04D2900EFD237 /* second.png in Resources */,
				E124ED0E15E04D2900EFD237 /* second@2x.png in Resources */,
			);
			runOnlyForDeploymentPostprocessing = 0;
		};
		E124ED1115E04D2900EFD237 /* Resources */ = {
			isa = PBXResourcesBuildPhase;
			buildActionMask = 2147483647;
			files = (
				E124ED2015E04D2900EFD237 /* InfoPlist.strings in Resources */,
			);
			runOnlyForDeploymentPostprocessing = 0;
		};
/* End PBXResourcesBuildPhase section */

/* Begin PBXShellScriptBuildPhase section */
		E124ED1215E04D2900EFD237 /* ShellScript */ = {
			isa = PBXShellScriptBuildPhase;
			buildActionMask = 2147483647;
			files = (
			);
			inputPaths = (
			);
			outputPaths = (
			);
			runOnlyForDeploymentPostprocessing = 0;
			shellPath = /bin/sh;
			shellScript = "# Run the unit tests in this test bundle.\n\"${SYSTEM_DEVELOPER_DIR}/Tools/RunUnitTests\"\n";
		};
/* End PBXShellScriptBuildPhase section */

/* Begin PBXSourcesBuildPhase section */
		E124ECE115E04D2900EFD237 /* Sources */ = {
			isa = PBXSourcesBuildPhase;
			buildActionMask = 2147483647;
			files = (
				E124ECF615E04D2900EFD237 /* main.m in Sources */,
				E124ECFA15E04D2900EFD237 /* AppDelegate.m in Sources */,
				E124ED0315E04D2900EFD237 /* FirstViewController.m in Sources */,
				E124ED0A15E04D2900EFD237 /* SecondViewController.m in Sources */,
			);
			runOnlyForDeploymentPostprocessing = 0;
		};
		E124ED0F15E04D2900EFD237 /* Sources */ = {
			isa = PBXSourcesBuildPhase;
			buildActionMask = 2147483647;
			files = (
				E124ED2315E04D2900EFD237 /* PacebreakerTests.m in Sources */,
			);
			runOnlyForDeploymentPostprocessing = 0;
		};
/* End PBXSourcesBuildPhase section */

/* Begin PBXTargetDependency section */
		E124ED1A15E04D2900EFD237 /* PBXTargetDependency */ = {
			isa = PBXTargetDependency;
			target = E124ECE415E04D2900EFD237 /* Pacebreaker */;
			targetProxy = E124ED1915E04D2900EFD237 /* PBXContainerItemProxy */;
		};
/* End PBXTargetDependency section */

/* Begin PBXVariantGroup section */
		E124ECF215E04D2900EFD237 /* InfoPlist.strings */ = {
			isa = PBXVariantGroup;
			children = (
				E124ECF315E04D2900EFD237 /* en */,
			);
			name = InfoPlist.strings;
			sourceTree = "<group>";
		};
		E124ECFB15E04D2900EFD237 /* MainStoryboard_iPhone.storyboard */ = {
			isa = PBXVariantGroup;
			children = (
				E124ECFC15E04D2900EFD237 /* en */,
			);
			name = MainStoryboard_iPhone.storyboard;
			sourceTree = "<group>";
		};
		E124ECFE15E04D2900EFD237 /* MainStoryboard_iPad.storyboard */ = {
			isa = PBXVariantGroup;
			children = (
				E124ECFF15E04D2900EFD237 /* en */,
			);
			name = MainStoryboard_iPad.storyboard;
			sourceTree = "<group>";
		};
		E124ED1E15E04D2900EFD237 /* InfoPlist.strings */ = {
			isa = PBXVariantGroup;
			children = (
				E124ED1F15E04D2900EFD237 /* en */,
			);
			name = InfoPlist.strings;
			sourceTree = "<group>";
		};
/* End PBXVariantGroup section */

/* Begin XCBuildConfiguration section */
		E124ED2415E04D2900EFD237 /* Debug */ = {
			isa = XCBuildConfiguration;
			buildSettings = {
				ALWAYS_SEARCH_USER_PATHS = NO;
				ARCHS = "$(ARCHS_STANDARD_32_BIT)";
				CLANG_CXX_LANGUAGE_STANDARD = "gnu++0x";
				CLANG_ENABLE_OBJC_ARC = YES;
				CLANG_WARN__DUPLICATE_METHOD_MATCH = YES;
				"CODE_SIGN_IDENTITY[sdk=iphoneos*]" = "iPhone Developer";
				COPY_PHASE_STRIP = NO;
				GCC_C_LANGUAGE_STANDARD = gnu99;
				GCC_DYNAMIC_NO_PIC = NO;
				GCC_OPTIMIZATION_LEVEL = 0;
				GCC_PREPROCESSOR_DEFINITIONS = (
					"DEBUG=1",
					"$(inherited)",
				);
				GCC_SYMBOLS_PRIVATE_EXTERN = NO;
				GCC_VERSION = com.apple.compilers.llvm.clang.1_0;
				GCC_WARN_ABOUT_RETURN_TYPE = YES;
				GCC_WARN_UNINITIALIZED_AUTOS = YES;
				GCC_WARN_UNUSED_VARIABLE = YES;
				IPHONEOS_DEPLOYMENT_TARGET = 5.1;
				SDKROOT = iphoneos;
				TARGETED_DEVICE_FAMILY = "1,2";
			};
			name = Debug;
		};
		E124ED2515E04D2900EFD237 /* Release */ = {
			isa = XCBuildConfiguration;
			buildSettings = {
				ALWAYS_SEARCH_USER_PATHS = NO;
				ARCHS = "$(ARCHS_STANDARD_32_BIT)";
				CLANG_CXX_LANGUAGE_STANDARD = "gnu++0x";
				CLANG_ENABLE_OBJC_ARC = YES;
				CLANG_WARN__DUPLICATE_METHOD_MATCH = YES;
				"CODE_SIGN_IDENTITY[sdk=iphoneos*]" = "iPhone Developer";
				COPY_PHASE_STRIP = YES;
				GCC_C_LANGUAGE_STANDARD = gnu99;
				GCC_VERSION = com.apple.compilers.llvm.clang.1_0;
				GCC_WARN_ABOUT_RETURN_TYPE = YES;
				GCC_WARN_UNINITIALIZED_AUTOS = YES;
				GCC_WARN_UNUSED_VARIABLE = YES;
				IPHONEOS_DEPLOYMENT_TARGET = 5.1;
				OTHER_CFLAGS = "-DNS_BLOCK_ASSERTIONS=1";
				SDKROOT = iphoneos;
				TARGETED_DEVICE_FAMILY = "1,2";
				VALIDATE_PRODUCT = YES;
			};
			name = Release;
		};
		E124ED2715E04D2900EFD237 /* Debug */ = {
			isa = XCBuildConfiguration;
			buildSettings = {
				GCC_PRECOMPILE_PREFIX_HEADER = YES;
				GCC_PREFIX_HEADER = "Pacebreaker/Pacebreaker-Prefix.pch";
				INFOPLIST_FILE = "Pacebreaker/Pacebreaker-Info.plist";
				PRODUCT_NAME = "$(TARGET_NAME)";
				WRAPPER_EXTENSION = app;
			};
			name = Debug;
		};
		E124ED2815E04D2900EFD237 /* Release */ = {
			isa = XCBuildConfiguration;
			buildSettings = {
				GCC_PRECOMPILE_PREFIX_HEADER = YES;
				GCC_PREFIX_HEADER = "Pacebreaker/Pacebreaker-Prefix.pch";
				INFOPLIST_FILE = "Pacebreaker/Pacebreaker-Info.plist";
				PRODUCT_NAME = "$(TARGET_NAME)";
				WRAPPER_EXTENSION = app;
			};
			name = Release;
		};
		E124ED2A15E04D2900EFD237 /* Debug */ = {
			isa = XCBuildConfiguration;
			buildSettings = {
				BUNDLE_LOADER = "$(BUILT_PRODUCTS_DIR)/Pacebreaker.app/Pacebreaker";
				FRAMEWORK_SEARCH_PATHS = (
					"\"$(SDKROOT)/Developer/Library/Frameworks\"",
					"\"$(DEVELOPER_LIBRARY_DIR)/Frameworks\"",
				);
				GCC_PRECOMPILE_PREFIX_HEADER = YES;
				GCC_PREFIX_HEADER = "Pacebreaker/Pacebreaker-Prefix.pch";
				INFOPLIST_FILE = "PacebreakerTests/PacebreakerTests-Info.plist";
				PRODUCT_NAME = "$(TARGET_NAME)";
				TEST_HOST = "$(BUNDLE_LOADER)";
				WRAPPER_EXTENSION = octest;
			};
			name = Debug;
		};
		E124ED2B15E04D2900EFD237 /* Release */ = {
			isa = XCBuildConfiguration;
			buildSettings = {
				BUNDLE_LOADER = "$(BUILT_PRODUCTS_DIR)/Pacebreaker.app/Pacebreaker";
				FRAMEWORK_SEARCH_PATHS = (
					"\"$(SDKROOT)/Developer/Library/Frameworks\"",
					"\"$(DEVELOPER_LIBRARY_DIR)/Frameworks\"",
				);
				GCC_PRECOMPILE_PREFIX_HEADER = YES;
				GCC_PREFIX_HEADER = "Pacebreaker/Pacebreaker-Prefix.pch";
				INFOPLIST_FILE = "PacebreakerTests/PacebreakerTests-Info.plist";
				PRODUCT_NAME = "$(TARGET_NAME)";
				TEST_HOST = "$(BUNDLE_LOADER)";
				WRAPPER_EXTENSION = octest;
			};
			name = Release;
		};
/* End XCBuildConfiguration section */

/* Begin XCConfigurationList section */
		E124ECDF15E04D2900EFD237 /* Build configuration list for PBXProject "Pacebreaker" */ = {
			isa = XCConfigurationList;
			buildConfigurations = (
				E124ED2415E04D2900EFD237 /* Debug */,
				E124ED2515E04D2900EFD237 /* Release */,
			);
			defaultConfigurationIsVisible = 0;
			defaultConfigurationName = Release;
		};
		E124ED2615E04D2900EFD237 /* Build configuration list for PBXNativeTarget "Pacebreaker" */ = {
			isa = XCConfigurationList;
			buildConfigurations = (
				E124ED2715E04D2900EFD237 /* Debug */,
				E124ED2815E04D2900EFD237 /* Release */,
			);
			defaultConfigurationIsVisible = 0;
		};
		E124ED2915E04D2900EFD237 /* Build configuration list for PBXNativeTarget "PacebreakerTests" */ = {
			isa = XCConfigurationList;
			buildConfigurations = (
				E124ED2A15E04D2900EFD237 /* Debug */,
				E124ED2B15E04D2900EFD237 /* Release */,
			);
			defaultConfigurationIsVisible = 0;
		};
/* End XCConfigurationList section */
	};
	rootObject = E124ECDC15E04D2900EFD237 /* Project object */;
}
